
Microsoft Visual Studio Solution File, Format Version 12.00
# Visual Studio Version 17
VisualStudioVersion = 17.3.32929.385
MinimumVisualStudioVersion = 10.0.40219.1
Project("{FAE04EC0-301F-11D3-BF4B-00C04F79EFBC}") = "PetShop", "PetShop\PetShop.csproj", "{08430725-6ED4-41F0-9D1C-ABDE99E615C3}"
EndProject
Global
	GlobalSection(SolutionConfigurationPlatforms) = preSolution
		Debug|Any CPU = Debug|Any CPU
		Release|Any CPU = Release|Any CPU
	EndGlobalSection
	GlobalSection(ProjectConfigurationPlatforms) = postSolution
		{08430725-6ED4-41F0-9D1C-ABDE99E615C3}.Debug|Any CPU.ActiveCfg = Debug|Any CPU
		{08430725-6ED4-41F0-9D1C-ABDE99E615C3}.Debug|Any CPU.Build.0 = Debug|Any CPU
		{08430725-6ED4-41F0-9D1C-ABDE99E615C3}.Release|Any CPU.ActiveCfg = Release|Any CPU
		{08430725-6ED4-41F0-9D1C-ABDE99E615C3}.Release|Any CPU.Build.0 = Release|Any CPU
	EndGlobalSection
	GlobalSection(SolutionProperties) = preSolution
		HideSolutionNode = FALSE
	EndGlobalSection
	GlobalSection(ExtensibilityGlobals) = postSolution
		SolutionGuid = {02CDC2F8-E630-4225-8029-55C9C471BA87}
	EndGlobalSection
EndGlobal
